// !$*UTF8*$!
{
	archiveVersion = 1;
	classes = {
	};
	objectVersion = 48;
	objects = {

/* Begin PBXBuildFile section */
		29E2FAA21FE1345500B92397 /* AppDelegate.swift in Sources */ = {isa = PBXBuildFile; fileRef = 29E2FAA11FE1345500B92397 /* AppDelegate.swift */; };
		29E2FAA41FE1345500B92397 /* ViewController.swift in Sources */ = {isa = PBXBuildFile; fileRef = 29E2FAA31FE1345500B92397 /* ViewController.swift */; };
		29E2FAA71FE1345500B92397 /* Main.storyboard in Resources */ = {isa = PBXBuildFile; fileRef = 29E2FAA51FE1345500B92397 /* Main.storyboard */; };
		29E2FAA91FE1345500B92397 /* Assets.xcassets in Resources */ = {isa = PBXBuildFile; fileRef = 29E2FAA81FE1345500B92397 /* Assets.xcassets */; };
		29E2FAAC1FE1345500B92397 /* LaunchScreen.storyboard in Resources */ = {isa = PBXBuildFile; fileRef = 29E2FAAA1FE1345500B92397 /* LaunchScreen.storyboard */; };
		29E2FAB51FE1347300B92397 /* AMHolderButton.swift in Sources */ = {isa = PBXBuildFile; fileRef = 29E2FAB31FE1347300B92397 /* AMHolderButton.swift */; };
		29E2FAB61FE1347300B92397 /* NSTimer+Closure.swift in Sources */ = {isa = PBXBuildFile; fileRef = 29E2FAB41FE1347300B92397 /* NSTimer+Closure.swift */; };
/* End PBXBuildFile section */

/* Begin PBXFileReference section */
		29E2FA9E1FE1345500B92397 /* AMHolderButton.app */ = {isa = PBXFileReference; explicitFileType = wrapper.application; includeInIndex = 0; path = AMHolderButton.app; sourceTree = BUILT_PRODUCTS_DIR; };
		29E2FAA11FE1345500B92397 /* AppDelegate.swift */ = {isa = PBXFileReference; lastKnownFileType = sourcecode.swift; path = AppDelegate.swift; sourceTree = "<group>"; };
		29E2FAA31FE1345500B92397 /* ViewController.swift */ = {isa = PBXFileReference; lastKnownFileType = sourcecode.swift; path = ViewController.swift; sourceTree = "<group>"; };
		29E2FAA61FE1345500B92397 /* Base */ = {isa = PBXFileReference; lastKnownFileType = file.storyboard; name = Base; path = Base.lproj/Main.storyboard; sourceTree = "<group>"; };
		29E2FAA81FE1345500B92397 /* Assets.xcassets */ = {isa = PBXFileReference; lastKnownFileType = folder.assetcatalog; path = Assets.xcassets; sourceTree = "<group>"; };
		29E2FAAB1FE1345500B92397 /* Base */ = {isa = PBXFileReference; lastKnownFileType = file.storyboard; name = Base; path = Base.lproj/LaunchScreen.storyboard; sourceTree = "<group>"; };
		29E2FAAD1FE1345500B92397 /* Info.plist */ = {isa = PBXFileReference; lastKnownFileType = text.plist.xml; path = Info.plist; sourceTree = "<group>"; };
		29E2FAB31FE1347300B92397 /* AMHolderButton.swift */ = {isa = PBXFileReference; fileEncoding = 4; lastKnownFileType = sourcecode.swift; path = AMHolderButton.swift; sourceTree = "<group>"; };
		29E2FAB41FE1347300B92397 /* NSTimer+Closure.swift */ = {isa = PBXFileReference; fileEncoding = 4; lastKnownFileType = sourcecode.swift; path = "NSTimer+Closure.swift"; sourceTree = "<group>"; };
/* End PBXFileReference section */

/* Begin PBXFrameworksBuildPhase section */
		29E2FA9B1FE1345500B92397 /* Frameworks */ = {
			isa = PBXFrameworksBuildPhase;
			buildActionMask = 2147483647;
			files = (
			);
			runOnlyForDeploymentPostprocessing = 0;
		};
/* End PBXFrameworksBuildPhase section */

/* Begin PBXGroup section */
		29E2FA951FE1345500B92397 = {
			isa = PBXGroup;
			children = (
				29E2FAA01FE1345500B92397 /* AMHolderButton */,
				29E2FA9F1FE1345500B92397 /* Products */,
			);
			sourceTree = "<group>";
		};
		29E2FA9F1FE1345500B92397 /* Products */ = {
			isa = PBXGroup;
			children = (
				29E2FA9E1FE1345500B92397 /* AMHolderButton.app */,
			);
			name = Products;
			sourceTree = "<group>";
		};
		29E2FAA01FE1345500B92397 /* AMHolderButton */ = {
			isa = PBXGroup;
			children = (
				29E2FAA11FE1345500B92397 /* AppDelegate.swift */,
				29E2FAA31FE1345500B92397 /* ViewController.swift */,
				29E2FAB41FE1347300B92397 /* NSTimer+Closure.swift */,
				29E2FAB31FE1347300B92397 /* AMHolderButton.swift */,
				29E2FAA51FE1345500B92397 /* Main.storyboard */,
				29E2FAA81FE1345500B92397 /* Assets.xcassets */,
				29E2FAAA1FE1345500B92397 /* LaunchScreen.storyboard */,
				29E2FAAD1FE1345500B92397 /* Info.plist */,
			);
			path = AMHolderButton;
			sourceTree = "<group>";
		};
/* End PBXGroup section */

/* Begin PBXNativeTarget section */
		29E2FA9D1FE1345500B92397 /* AMHolderButton */ = {
			isa = PBXNativeTarget;
			buildConfigurationList = 29E2FAB01FE1345500B92397 /* Build configuration list for PBXNativeTarget "AMHolderButton" */;
			buildPhases = (
				29E2FA9A1FE1345500B92397 /* Sources */,
				29E2FA9B1FE1345500B92397 /* Frameworks */,
				29E2FA9C1FE1345500B92397 /* Resources */,
			);
			buildRules = (
			);
			dependencies = (
			);
			name = AMHolderButton;
			productName = AMHolderButton;
			productReference = 29E2FA9E1FE1345500B92397 /* AMHolderButton.app */;
			productType = "com.apple.product-type.application";
		};
/* End PBXNativeTarget section */

/* Begin PBXProject section */
		29E2FA961FE1345500B92397 /* Project object */ = {
			isa = PBXProject;
			attributes = {
				LastSwiftUpdateCheck = 0900;
				LastUpgradeCheck = 0900;
				ORGANIZATIONNAME = "Amir Daliri";
				TargetAttributes = {
					29E2FA9D1FE1345500B92397 = {
						CreatedOnToolsVersion = 9.0.1;
						ProvisioningStyle = Automatic;
					};
				};
			};
			buildConfigurationList = 29E2FA991FE1345500B92397 /* Build configuration list for PBXProject "AMHolderButton" */;
			compatibilityVersion = "Xcode 8.0";
			developmentRegion = en;
			hasScannedForEncodings = 0;
			knownRegions = (
				en,
				Base,
			);
			mainGroup = 29E2FA951FE1345500B92397;
			productRefGroup = 29E2FA9F1FE1345500B92397 /* Products */;
			projectDirPath = "";
			projectRoot = "";
			targets = (
				29E2FA9D1FE1345500B92397 /* AMHolderButton */,
			);
		};
/* End PBXProject section */

/* Begin PBXResourcesBuildPhase section */
		29E2FA9C1FE1345500B92397 /* Resources */ = {
			isa = PBXResourcesBuildPhase;
			buildActionMask = 2147483647;
			files = (
				29E2FAAC1FE1345500B92397 /* LaunchScreen.storyboard in Resources */,
				29E2FAA91FE1345500B92397 /* Assets.xcassets in Resources */,
				29E2FAA71FE1345500B92397 /* Main.storyboard in Resources */,
			);
			runOnlyForDeploymentPostprocessing = 0;
		};
/* End PBXResourcesBuildPhase section */

/* Begin PBXSourcesBuildPhase section */
		29E2FA9A1FE1345500B92397 /* Sources */ = {
			isa = PBXSourcesBuildPhase;
			buildActionMask = 2147483647;
			files = (
				29E2FAA41FE1345500B92397 /* ViewController.swift in Sources */,
				29E2FAA21FE1345500B92397 /* AppDelegate.swift in Sources */,
				29E2FAB61FE1347300B92397 /* NSTimer+Closure.swift in Sources */,
				29E2FAB51FE1347300B92397 /* AMHolderButton.swift in Sources */,
			);
			runOnlyForDeploymentPostprocessing = 0;
		};
/* End PBXSourcesBuildPhase section */

/* Begin PBXVariantGroup section */
		29E2FAA51FE1345500B92397 /* Main.storyboard */ = {
			isa = PBXVariantGroup;
			children = (
				29E2FAA61FE1345500B92397 /* Base */,
			);
			name = Main.storyboard;
			sourceTree = "<group>";
		};
		29E2FAAA1FE1345500B92397 /* LaunchScreen.storyboard */ = {
			isa = PBXVariantGroup;
			children = (
				29E2FAAB1FE1345500B92397 /* Base */,
			);
			name = LaunchScreen.storyboard;
			sourceTree = "<group>";
		};
/* End PBXVariantGroup section */

/* Begin XCBuildConfiguration section */
		29E2FAAE1FE1345500B92397 /* Debug */ = {
			isa = XCBuildConfiguration;
			buildSettings = {
				ALWAYS_SEARCH_USER_PATHS = NO;
				CLANG_ANALYZER_NONNULL = YES;
				CLANG_ANALYZER_NUMBER_OBJECT_CONVERSION = YES_AGGRESSIVE;
				CLANG_CXX_LANGUAGE_STANDARD = "gnu++14";
				CLANG_CXX_LIBRARY = "libc++";
				CLANG_ENABLE_MODULES = YES;
				CLANG_ENABLE_OBJC_ARC = YES;
				CLANG_WARN_BLOCK_CAPTURE_AUTORELEASING = YES;
				CLANG_WARN_BOOL_CONVERSION = YES;
				CLANG_WARN_COMMA = YES;
				CLANG_WARN_CONSTANT_CONVERSION = YES;
				CLANG_WARN_DIRECT_OBJC_ISA_USAGE = YES_ERROR;
				CLANG_WARN_DOCUMENTATION_COMMENTS = YES;
				CLANG_WARN_EMPTY_BODY = YES;
				CLANG_WARN_ENUM_CONVERSION = YES;
				CLANG_WARN_INFINITE_RECURSION = YES;
				CLANG_WARN_INT_CONVERSION = YES;
				CLANG_WARN_NON_LITERAL_NULL_CONVERSION = YES;
				CLANG_WARN_OBJC_LITERAL_CONVERSION = YES;
				CLANG_WARN_OBJC_ROOT_CLASS = YES_ERROR;
				CLANG_WARN_RANGE_LOOP_ANALYSIS = YES;
				CLANG_WARN_STRICT_PROTOTYPES = YES;
				CLANG_WARN_SUSPICIOUS_MOVE = YES;
				CLANG_WARN_UNGUARDED_AVAILABILITY = YES_AGGRESSIVE;
				CLANG_WARN_UNREACHABLE_CODE = YES;
				CLANG_WARN__DUPLICATE_METHOD_MATCH = YES;
				CODE_SIGN_IDENTITY = "iPhone Developer";
				COPY_PHASE_STRIP = NO;
				DEBUG_INFORMATION_FORMAT = dwarf;
				ENABLE_STRICT_OBJC_MSGSEND = YES;
				ENABLE_TESTABILITY = YES;
				GCC_C_LANGUAGE_STANDARD = gnu11;
				GCC_DYNAMIC_NO_PIC = NO;
				GCC_NO_COMMON_BLOCKS = YES;
				GCC_OPTIMIZATION_LEVEL = 0;
				GCC_PREPROCESSOR_DEFINITIONS = (
					"DEBUG=1",
					"$(inherited)",
				);
				GCC_WARN_64_TO_32_BIT_CONVERSION = YES;
				GCC_WARN_ABOUT_RETURN_TYPE = YES_ERROR;
				GCC_WARN_UNDECLARED_SELECTOR = YES;
				GCC_WARN_UNINITIALIZED_AUTOS = YES_AGGRESSIVE;
				GCC_WARN_UNUSED_FUNCTION = YES;
				GCC_WARN_UNUSED_VARIABLE = YES;
				IPHONEOS_DEPLOYMENT_TARGET = 11.0;
				MTL_ENABLE_DEBUG_INFO = YES;
				ONLY_ACTIVE_ARCH = YES;
				SDKROOT = iphoneos;
				SWIFT_ACTIVE_COMPILATION_CONDITIONS = DEBUG;
				SWIFT_OPTIMIZATION_LEVEL = "-Onone";
			};
			name = Debug;
		};
		29E2FAAF1FE1345500B92397 /* Release */ = {
			isa = XCBuildConfiguration;
			buildSettings = {
				ALWAYS_SEARCH_USER_PATHS = NO;
				CLANG_ANALYZER_NONNULL = YES;
				CLANG_ANALYZER_NUMBER_OBJECT_CONVERSION = YES_AGGRESSIVE;
				CLANG_CXX_LANGUAGE_STANDARD = "gnu++14";
				CLANG_CXX_LIBRARY = "libc++";
				CLANG_ENABLE_MODULES = YES;
				CLANG_ENABLE_OBJC_ARC = YES;
				CLANG_WARN_BLOCK_CAPTURE_AUTORELEASING = YES;
				CLANG_WARN_BOOL_CONVERSION = YES;
				CLANG_WARN_COMMA = YES;
				CLANG_WARN_CONSTANT_CONVERSION = YES;
				CLANG_WARN_DIRECT_OBJC_ISA_USAGE = YES_ERROR;
				CLANG_WARN_DOCUMENTATION_COMMENTS = YES;
				CLANG_WARN_EMPTY_BODY = YES;
				CLANG_WARN_ENUM_CONVERSION = YES;
				CLANG_WARN_INFINITE_RECURSION = YES;
				CLANG_WARN_INT_CONVERSION = YES;
				CLANG_WARN_NON_LITERAL_NULL_CONVERSION = YES;
				CLANG_WARN_OBJC_LITERAL_CONVERSION = YES;
				CLANG_WARN_OBJC_ROOT_CLASS = YES_ERROR;
				CLANG_WARN_RANGE_LOOP_ANALYSIS = YES;
				CLANG_WARN_STRICT_PROTOTYPES = YES;
				CLANG_WARN_SUSPICIOUS_MOVE = YES;
				CLANG_WARN_UNGUARDED_AVAILABILITY = YES_AGGRESSIVE;
				CLANG_WARN_UNREACHABLE_CODE = YES;
				CLANG_WARN__DUPLICATE_METHOD_MATCH = YES;
				CODE_SIGN_IDENTITY = "iPhone Developer";
				COPY_PHASE_STRIP = NO;
				DEBUG_INFORMATION_FORMAT = "dwarf-with-dsym";
				ENABLE_NS_ASSERTIONS = NO;
				ENABLE_STRICT_OBJC_MSGSEND = YES;
				GCC_C_LANGUAGE_STANDARD = gnu11;
				GCC_NO_COMMON_BLOCKS = YES;
				GCC_WARN_64_TO_32_BIT_CONVERSION = YES;
				GCC_WARN_ABOUT_RETURN_TYPE = YES_ERROR;
				GCC_WARN_UNDECLARED_SELECTOR = YES;
				GCC_WARN_UNINITIALIZED_AUTOS = YES_AGGRESSIVE;
				GCC_WARN_UNUSED_FUNCTION = YES;
				GCC_WARN_UNUSED_VARIABLE = YES;
				IPHONEOS_DEPLOYMENT_TARGET = 11.0;
				MTL_ENABLE_DEBUG_INFO = NO;
				SDKROOT = iphoneos;
				SWIFT_OPTIMIZATION_LEVEL = "-Owholemodule";
				VALIDATE_PRODUCT = YES;
			};
			name = Release;
		};
		29E2FAB11FE1345500B92397 /* Debug */ = {
			isa = XCBuildConfiguration;
			buildSettings = {
				ASSETCATALOG_COMPILER_APPICON_NAME = AppIcon;
				CODE_SIGN_STYLE = Automatic;
				DEVELOPMENT_TEAM = NCU4JG2P77;
				INFOPLIST_FILE = AMHolderButton/Info.plist;
				LD_RUNPATH_SEARCH_PATHS = "$(inherited) @executable_path/Frameworks";
				PRODUCT_BUNDLE_IDENTIFIER = AmirDaliri.AMHolderButton;
				PRODUCT_NAME = "$(TARGET_NAME)";
				SWIFT_VERSION = 4.0;
				TARGETED_DEVICE_FAMILY = "1,2";
			};
			name = Debug;
		};
		29E2FAB21FE1345500B92397 /* Release */ = {
			isa = XCBuildConfiguration;
			buildSettings = {
				ASSETCATALOG_COMPILER_APPICON_NAME = AppIcon;
				CODE_SIGN_STYLE = Automatic;
				DEVELOPMENT_TEAM = NCU4JG2P77;
				INFOPLIST_FILE = AMHolderButton/Info.plist;
				LD_RUNPATH_SEARCH_PATHS = "$(inherited) @executable_path/Frameworks";
				PRODUCT_BUNDLE_IDENTIFIER = AmirDaliri.AMHolderButton;
				PRODUCT_NAME = "$(TARGET_NAME)";
				SWIFT_VERSION = 4.0;
				TARGETED_DEVICE_FAMILY = "1,2";
			};
			name = Release;
		};
/* End XCBuildConfiguration section */

/* Begin XCConfigurationList section */
		29E2FA991FE1345500B92397 /* Build configuration list for PBXProject "AMHolderButton" */ = {
			isa = XCConfigurationList;
			buildConfigurations = (
				29E2FAAE1FE1345500B92397 /* Debug */,
				29E2FAAF1FE1345500B92397 /* Release */,
			);
			defaultConfigurationIsVisible = 0;
			defaultConfigurationName = Release;
		};
		29E2FAB01FE1345500B92397 /* Build configuration list for PBXNativeTarget "AMHolderButton" */ = {
			isa = XCConfigurationList;
			buildConfigurations = (
				29E2FAB11FE1345500B92397 /* Debug */,
				29E2FAB21FE1345500B92397 /* Release */,
			);
			defaultConfigurationIsVisible = 0;
			defaultConfigurationName = Release;
		};
/* End XCConfigurationList section */
	};
	rootObject = 29E2FA961FE1345500B92397 /* Project object */;
}
